// !$*UTF8*$!
{
	archiveVersion = 1;
	classes = {
	};
	objectVersion = 56;
	objects = {

/* Begin PBXBuildFile section */
		8D4B42E92B9B96A60015C59A /* AddEditViewController.swift in Sources */ = {isa = PBXBuildFile; fileRef = 8D4B42E82B9B96A60015C59A /* AddEditViewController.swift */; };
		8D4B42EC2B9BA32F0015C59A /* Esg-ZenGrove.xcdatamodeld in Sources */ = {isa = PBXBuildFile; fileRef = 8D4B42EA2B9BA32F0015C59A /* Esg-ZenGrove.xcdatamodeld */; };
		8D929AC52B9A4665002F6FAE /* AppDelegate.swift in Sources */ = {isa = PBXBuildFile; fileRef = 8D929AC42B9A4665002F6FAE /* AppDelegate.swift */; };
		8D929AC72B9A4665002F6FAE /* SceneDelegate.swift in Sources */ = {isa = PBXBuildFile; fileRef = 8D929AC62B9A4665002F6FAE /* SceneDelegate.swift */; };
		8D929AC92B9A4665002F6FAE /* ViewController.swift in Sources */ = {isa = PBXBuildFile; fileRef = 8D929AC82B9A4665002F6FAE /* ViewController.swift */; };
		8D929ACC2B9A4665002F6FAE /* Base in Resources */ = {isa = PBXBuildFile; fileRef = 8D929ACB2B9A4665002F6FAE /* Base */; };
		8D929ACE2B9A4667002F6FAE /* Assets.xcassets in Resources */ = {isa = PBXBuildFile; fileRef = 8D929ACD2B9A4667002F6FAE /* Assets.xcassets */; };
		8D929AD12B9A4667002F6FAE /* Base in Resources */ = {isa = PBXBuildFile; fileRef = 8D929AD02B9A4667002F6FAE /* Base */; };
		8D929ADC2B9A466B002F6FAE /* ESG_ZenGroveTests.swift in Sources */ = {isa = PBXBuildFile; fileRef = 8D929ADB2B9A466B002F6FAE /* ESG_ZenGroveTests.swift */; };
		8D929AE62B9A466B002F6FAE /* ESG_ZenGroveUITests.swift in Sources */ = {isa = PBXBuildFile; fileRef = 8D929AE52B9A466B002F6FAE /* ESG_ZenGroveUITests.swift */; };
		8D929AE82B9A466B002F6FAE /* ESG_ZenGroveUITestsLaunchTests.swift in Sources */ = {isa = PBXBuildFile; fileRef = 8D929AE72B9A466B002F6FAE /* ESG_ZenGroveUITestsLaunchTests.swift */; };
		8D929AFE2B9A6B98002F6FAE /* UIViewController+CoreData.swift in Sources */ = {isa = PBXBuildFile; fileRef = 8D929AFD2B9A6B98002F6FAE /* UIViewController+CoreData.swift */; };
		8D929B032B9A7345002F6FAE /* ESGTableViewCell.swift in Sources */ = {isa = PBXBuildFile; fileRef = 8D929B022B9A7345002F6FAE /* ESGTableViewCell.swift */; };
		8D929B0A2B9A793D002F6FAE /* ESG+CoreDataClass.swift in Sources */ = {isa = PBXBuildFile; fileRef = 8D929B082B9A793D002F6FAE /* ESG+CoreDataClass.swift */; };
		8D929B0B2B9A793D002F6FAE /* ESG+CoreDataProperties.swift in Sources */ = {isa = PBXBuildFile; fileRef = 8D929B092B9A793D002F6FAE /* ESG+CoreDataProperties.swift */; };
		8DBC3BC82B9BB4B900F175A1 /* ESGTableViewController.swift in Sources */ = {isa = PBXBuildFile; fileRef = 8DBC3BC72B9BB4B900F175A1 /* ESGTableViewController.swift */; };
		8DBC3BCA2B9BC72F00F175A1 /* iPhone_15_Pro__iPhone_15__iPhone_14_Pro_portrait.png in Resources */ = {isa = PBXBuildFile; fileRef = 8DBC3BC92B9BC72F00F175A1 /* iPhone_15_Pro__iPhone_15__iPhone_14_Pro_portrait.png */; };
/* End PBXBuildFile section */

/* Begin PBXContainerItemProxy section */
		8D929AD82B9A466B002F6FAE /* PBXContainerItemProxy */ = {
			isa = PBXContainerItemProxy;
			containerPortal = 8D929AB92B9A4665002F6FAE /* Project object */;
			proxyType = 1;
			remoteGlobalIDString = 8D929AC02B9A4665002F6FAE;
			remoteInfo = "ESG-ZenGrove";
		};
		8D929AE22B9A466B002F6FAE /* PBXContainerItemProxy */ = {
			isa = PBXContainerItemProxy;
			containerPortal = 8D929AB92B9A4665002F6FAE /* Project object */;
			proxyType = 1;
			remoteGlobalIDString = 8D929AC02B9A4665002F6FAE;
			remoteInfo = "ESG-ZenGrove";
		};
/* End PBXContainerItemProxy section */

/* Begin PBXFileReference section */
		8D4B42E82B9B96A60015C59A /* AddEditViewController.swift */ = {isa = PBXFileReference; lastKnownFileType = sourcecode.swift; path = AddEditViewController.swift; sourceTree = "<group>"; };
		8D4B42EB2B9BA32F0015C59A /* Esg-ZenGrove.xcdatamodel */ = {isa = PBXFileReference; lastKnownFileType = wrapper.xcdatamodel; path = "Esg-ZenGrove.xcdatamodel"; sourceTree = "<group>"; };
		8D929AC12B9A4665002F6FAE /* ESG-ZenGrove.app */ = {isa = PBXFileReference; explicitFileType = wrapper.application; includeInIndex = 0; path = "ESG-ZenGrove.app"; sourceTree = BUILT_PRODUCTS_DIR; };
		8D929AC42B9A4665002F6FAE /* AppDelegate.swift */ = {isa = PBXFileReference; lastKnownFileType = sourcecode.swift; path = AppDelegate.swift; sourceTree = "<group>"; };
		8D929AC62B9A4665002F6FAE /* SceneDelegate.swift */ = {isa = PBXFileReference; lastKnownFileType = sourcecode.swift; path = SceneDelegate.swift; sourceTree = "<group>"; };
		8D929AC82B9A4665002F6FAE /* ViewController.swift */ = {isa = PBXFileReference; lastKnownFileType = sourcecode.swift; path = ViewController.swift; sourceTree = "<group>"; };
		8D929ACB2B9A4665002F6FAE /* Base */ = {isa = PBXFileReference; lastKnownFileType = file.storyboard; name = Base; path = Base.lproj/Main.storyboard; sourceTree = "<group>"; };
		8D929ACD2B9A4667002F6FAE /* Assets.xcassets */ = {isa = PBXFileReference; lastKnownFileType = folder.assetcatalog; path = Assets.xcassets; sourceTree = "<group>"; };
		8D929AD02B9A4667002F6FAE /* Base */ = {isa = PBXFileReference; lastKnownFileType = file.storyboard; name = Base; path = Base.lproj/LaunchScreen.storyboard; sourceTree = "<group>"; };
		8D929AD22B9A4667002F6FAE /* Info.plist */ = {isa = PBXFileReference; lastKnownFileType = text.plist.xml; path = Info.plist; sourceTree = "<group>"; };
		8D929AD72B9A466B002F6FAE /* ESG-ZenGroveTests.xctest */ = {isa = PBXFileReference; explicitFileType = wrapper.cfbundle; includeInIndex = 0; path = "ESG-ZenGroveTests.xctest"; sourceTree = BUILT_PRODUCTS_DIR; };
		8D929ADB2B9A466B002F6FAE /* ESG_ZenGroveTests.swift */ = {isa = PBXFileReference; lastKnownFileType = sourcecode.swift; path = ESG_ZenGroveTests.swift; sourceTree = "<group>"; };
		8D929AE12B9A466B002F6FAE /* ESG-ZenGroveUITests.xctest */ = {isa = PBXFileReference; explicitFileType = wrapper.cfbundle; includeInIndex = 0; path = "ESG-ZenGroveUITests.xctest"; sourceTree = BUILT_PRODUCTS_DIR; };
		8D929AE52B9A466B002F6FAE /* ESG_ZenGroveUITests.swift */ = {isa = PBXFileReference; lastKnownFileType = sourcecode.swift; path = ESG_ZenGroveUITests.swift; sourceTree = "<group>"; };
		8D929AE72B9A466B002F6FAE /* ESG_ZenGroveUITestsLaunchTests.swift */ = {isa = PBXFileReference; lastKnownFileType = sourcecode.swift; path = ESG_ZenGroveUITestsLaunchTests.swift; sourceTree = "<group>"; };
		8D929AFD2B9A6B98002F6FAE /* UIViewController+CoreData.swift */ = {isa = PBXFileReference; lastKnownFileType = sourcecode.swift; path = "UIViewController+CoreData.swift"; sourceTree = "<group>"; };
		8D929B022B9A7345002F6FAE /* ESGTableViewCell.swift */ = {isa = PBXFileReference; lastKnownFileType = sourcecode.swift; path = ESGTableViewCell.swift; sourceTree = "<group>"; };
		8D929B082B9A793D002F6FAE /* ESG+CoreDataClass.swift */ = {isa = PBXFileReference; lastKnownFileType = sourcecode.swift; path = "ESG+CoreDataClass.swift"; sourceTree = "<group>"; };
		8D929B092B9A793D002F6FAE /* ESG+CoreDataProperties.swift */ = {isa = PBXFileReference; lastKnownFileType = sourcecode.swift; path = "ESG+CoreDataProperties.swift"; sourceTree = "<group>"; };
		8DBC3BC72B9BB4B900F175A1 /* ESGTableViewController.swift */ = {isa = PBXFileReference; lastKnownFileType = sourcecode.swift; path = ESGTableViewController.swift; sourceTree = "<group>"; };
		8DBC3BC92B9BC72F00F175A1 /* iPhone_15_Pro__iPhone_15__iPhone_14_Pro_portrait.png */ = {isa = PBXFileReference; lastKnownFileType = image.png; name = iPhone_15_Pro__iPhone_15__iPhone_14_Pro_portrait.png; path = "../../../../Downloads/splash_screens (1)/splash_screens/iPhone_15_Pro__iPhone_15__iPhone_14_Pro_portrait.png"; sourceTree = "<group>"; };
/* End PBXFileReference section */

/* Begin PBXFrameworksBuildPhase section */
		8D929ABE2B9A4665002F6FAE /* Frameworks */ = {
			isa = PBXFrameworksBuildPhase;
			buildActionMask = 2147483647;
			files = (
			);
			runOnlyForDeploymentPostprocessing = 0;
		};
		8D929AD42B9A466B002F6FAE /* Frameworks */ = {
			isa = PBXFrameworksBuildPhase;
			buildActionMask = 2147483647;
			files = (
			);
			runOnlyForDeploymentPostprocessing = 0;
		};
		8D929ADE2B9A466B002F6FAE /* Frameworks */ = {
			isa = PBXFrameworksBuildPhase;
			buildActionMask = 2147483647;
			files = (
			);
			runOnlyForDeploymentPostprocessing = 0;
		};
/* End PBXFrameworksBuildPhase section */

/* Begin PBXGroup section */
		8D929AB82B9A4665002F6FAE = {
			isa = PBXGroup;
			children = (
				8D929AC32B9A4665002F6FAE /* ESG-ZenGrove */,
				8D929AE42B9A466B002F6FAE /* ESG-ZenGroveUITests */,
				8D929AC22B9A4665002F6FAE /* Products */,
			);
			sourceTree = "<group>";
		};
		8D929AC22B9A4665002F6FAE /* Products */ = {
			isa = PBXGroup;
			children = (
				8D929AC12B9A4665002F6FAE /* ESG-ZenGrove.app */,
				8D929AD72B9A466B002F6FAE /* ESG-ZenGroveTests.xctest */,
				8D929AE12B9A466B002F6FAE /* ESG-ZenGroveUITests.xctest */,
			);
			name = Products;
			sourceTree = "<group>";
		};
		8D929AC32B9A4665002F6FAE /* ESG-ZenGrove */ = {
			isa = PBXGroup;
			children = (
				8D4B42EA2B9BA32F0015C59A /* Esg-ZenGrove.xcdatamodeld */,
				8D929B082B9A793D002F6FAE /* ESG+CoreDataClass.swift */,
				8D929B092B9A793D002F6FAE /* ESG+CoreDataProperties.swift */,
				8D929AC42B9A4665002F6FAE /* AppDelegate.swift */,
				8D929AFD2B9A6B98002F6FAE /* UIViewController+CoreData.swift */,
				8D929AC62B9A4665002F6FAE /* SceneDelegate.swift */,
				8D929AC82B9A4665002F6FAE /* ViewController.swift */,
				8D929ADA2B9A466B002F6FAE /* ESG-ZenGroveTests */,
				8D929ACA2B9A4665002F6FAE /* Main.storyboard */,
				8D929ACD2B9A4667002F6FAE /* Assets.xcassets */,
				8DBC3BC92B9BC72F00F175A1 /* iPhone_15_Pro__iPhone_15__iPhone_14_Pro_portrait.png */,
				8D929ACF2B9A4667002F6FAE /* LaunchScreen.storyboard */,
				8D929AD22B9A4667002F6FAE /* Info.plist */,
				8D929B022B9A7345002F6FAE /* ESGTableViewCell.swift */,
				8D4B42E82B9B96A60015C59A /* AddEditViewController.swift */,
				8DBC3BC72B9BB4B900F175A1 /* ESGTableViewController.swift */,
			);
			path = "ESG-ZenGrove";
			sourceTree = "<group>";
		};
		8D929ADA2B9A466B002F6FAE /* ESG-ZenGroveTests */ = {
			isa = PBXGroup;
			children = (
				8D929ADB2B9A466B002F6FAE /* ESG_ZenGroveTests.swift */,
			);
			path = "ESG-ZenGroveTests";
			sourceTree = "<group>";
		};
		8D929AE42B9A466B002F6FAE /* ESG-ZenGroveUITests */ = {
			isa = PBXGroup;
			children = (
				8D929AE52B9A466B002F6FAE /* ESG_ZenGroveUITests.swift */,
				8D929AE72B9A466B002F6FAE /* ESG_ZenGroveUITestsLaunchTests.swift */,
			);
			path = "ESG-ZenGroveUITests";
			sourceTree = "<group>";
		};
/* End PBXGroup section */

/* Begin PBXNativeTarget section */
		8D929AC02B9A4665002F6FAE /* ESG-ZenGrove */ = {
			isa = PBXNativeTarget;
			buildConfigurationList = 8D929AEB2B9A466B002F6FAE /* Build configuration list for PBXNativeTarget "ESG-ZenGrove" */;
			buildPhases = (
				8D929ABD2B9A4665002F6FAE /* Sources */,
				8D929ABE2B9A4665002F6FAE /* Frameworks */,
				8D929ABF2B9A4665002F6FAE /* Resources */,
			);
			buildRules = (
			);
			dependencies = (
			);
			name = "ESG-ZenGrove";
			productName = "ESG-ZenGrove";
			productReference = 8D929AC12B9A4665002F6FAE /* ESG-ZenGrove.app */;
			productType = "com.apple.product-type.application";
		};
		8D929AD62B9A466B002F6FAE /* ESG-ZenGroveTests */ = {
			isa = PBXNativeTarget;
			buildConfigurationList = 8D929AEE2B9A466B002F6FAE /* Build configuration list for PBXNativeTarget "ESG-ZenGroveTests" */;
			buildPhases = (
				8D929AD32B9A466B002F6FAE /* Sources */,
				8D929AD42B9A466B002F6FAE /* Frameworks */,
				8D929AD52B9A466B002F6FAE /* Resources */,
			);
			buildRules = (
			);
			dependencies = (
				8D929AD92B9A466B002F6FAE /* PBXTargetDependency */,
			);
			name = "ESG-ZenGroveTests";
			productName = "ESG-ZenGroveTests";
			productReference = 8D929AD72B9A466B002F6FAE /* ESG-ZenGroveTests.xctest */;
			productType = "com.apple.product-type.bundle.unit-test";
		};
		8D929AE02B9A466B002F6FAE /* ESG-ZenGroveUITests */ = {
			isa = PBXNativeTarget;
			buildConfigurationList = 8D929AF12B9A466B002F6FAE /* Build configuration list for PBXNativeTarget "ESG-ZenGroveUITests" */;
			buildPhases = (
				8D929ADD2B9A466B002F6FAE /* Sources */,
				8D929ADE2B9A466B002F6FAE /* Frameworks */,
				8D929ADF2B9A466B002F6FAE /* Resources */,
			);
			buildRules = (
			);
			dependencies = (
				8D929AE32B9A466B002F6FAE /* PBXTargetDependency */,
			);
			name = "ESG-ZenGroveUITests";
			productName = "ESG-ZenGroveUITests";
			productReference = 8D929AE12B9A466B002F6FAE /* ESG-ZenGroveUITests.xctest */;
			productType = "com.apple.product-type.bundle.ui-testing";
		};
/* End PBXNativeTarget section */

/* Begin PBXProject section */
		8D929AB92B9A4665002F6FAE /* Project object */ = {
			isa = PBXProject;
			attributes = {
				BuildIndependentTargetsInParallel = 1;
				LastSwiftUpdateCheck = 1530;
				LastUpgradeCheck = 1530;
				TargetAttributes = {
					8D929AC02B9A4665002F6FAE = {
						CreatedOnToolsVersion = 15.3;
					};
					8D929AD62B9A466B002F6FAE = {
						CreatedOnToolsVersion = 15.3;
						TestTargetID = 8D929AC02B9A4665002F6FAE;
					};
					8D929AE02B9A466B002F6FAE = {
						CreatedOnToolsVersion = 15.3;
						TestTargetID = 8D929AC02B9A4665002F6FAE;
					};
				};
			};
			buildConfigurationList = 8D929ABC2B9A4665002F6FAE /* Build configuration list for PBXProject "ESG-ZenGrove" */;
			compatibilityVersion = "Xcode 14.0";
			developmentRegion = en;
			hasScannedForEncodings = 0;
			knownRegions = (
				en,
				Base,
			);
			mainGroup = 8D929AB82B9A4665002F6FAE;
			productRefGroup = 8D929AC22B9A4665002F6FAE /* Products */;
			projectDirPath = "";
			projectRoot = "";
			targets = (
				8D929AC02B9A4665002F6FAE /* ESG-ZenGrove */,
				8D929AD62B9A466B002F6FAE /* ESG-ZenGroveTests */,
				8D929AE02B9A466B002F6FAE /* ESG-ZenGroveUITests */,
			);
		};
/* End PBXProject section */

/* Begin PBXResourcesBuildPhase section */
		8D929ABF2B9A4665002F6FAE /* Resources */ = {
			isa = PBXResourcesBuildPhase;
			buildActionMask = 2147483647;
			files = (
				8D929ACE2B9A4667002F6FAE /* Assets.xcassets in Resources */,
				8D929AD12B9A4667002F6FAE /* Base in Resources */,
				8DBC3BCA2B9BC72F00F175A1 /* iPhone_15_Pro__iPhone_15__iPhone_14_Pro_portrait.png in Resources */,
				8D929ACC2B9A4665002F6FAE /* Base in Resources */,
			);
			runOnlyForDeploymentPostprocessing = 0;
		};
		8D929AD52B9A466B002F6FAE /* Resources */ = {
			isa = PBXResourcesBuildPhase;
			buildActionMask = 2147483647;
			files = (
			);
			runOnlyForDeploymentPostprocessing = 0;
		};
		8D929ADF2B9A466B002F6FAE /* Resources */ = {
			isa = PBXResourcesBuildPhase;
			buildActionMask = 2147483647;
			files = (
			);
			runOnlyForDeploymentPostprocessing = 0;
		};
/* End PBXResourcesBuildPhase section */

/* Begin PBXSourcesBuildPhase section */
		8D929ABD2B9A4665002F6FAE /* Sources */ = {
			isa = PBXSourcesBuildPhase;
			buildActionMask = 2147483647;
			files = (
				8DBC3BC82B9BB4B900F175A1 /* ESGTableViewController.swift in Sources */,
				8D929AC92B9A4665002F6FAE /* ViewController.swift in Sources */,
				8D929B032B9A7345002F6FAE /* ESGTableViewCell.swift in Sources */,
				8D929AFE2B9A6B98002F6FAE /* UIViewController+CoreData.swift in Sources */,
				8D929AC52B9A4665002F6FAE /* AppDelegate.swift in Sources */,
				8D4B42E92B9B96A60015C59A /* AddEditViewController.swift in Sources */,
				8D929B0A2B9A793D002F6FAE /* ESG+CoreDataClass.swift in Sources */,
				8D4B42EC2B9BA32F0015C59A /* Esg-ZenGrove.xcdatamodeld in Sources */,
				8D929B0B2B9A793D002F6FAE /* ESG+CoreDataProperties.swift in Sources */,
				8D929AC72B9A4665002F6FAE /* SceneDelegate.swift in Sources */,
			);
			runOnlyForDeploymentPostprocessing = 0;
		};
		8D929AD32B9A466B002F6FAE /* Sources */ = {
			isa = PBXSourcesBuildPhase;
			buildActionMask = 2147483647;
			files = (
				8D929ADC2B9A466B002F6FAE /* ESG_ZenGroveTests.swift in Sources */,
			);
			runOnlyForDeploymentPostprocessing = 0;
		};
		8D929ADD2B9A466B002F6FAE /* Sources */ = {
			isa = PBXSourcesBuildPhase;
			buildActionMask = 2147483647;
			files = (
				8D929AE82B9A466B002F6FAE /* ESG_ZenGroveUITestsLaunchTests.swift in Sources */,
				8D929AE62B9A466B002F6FAE /* ESG_ZenGroveUITests.swift in Sources */,
			);
			runOnlyForDeploymentPostprocessing = 0;
		};
/* End PBXSourcesBuildPhase section */

/* Begin PBXTargetDependency section */
		8D929AD92B9A466B002F6FAE /* PBXTargetDependency */ = {
			isa = PBXTargetDependency;
			target = 8D929AC02B9A4665002F6FAE /* ESG-ZenGrove */;
			targetProxy = 8D929AD82B9A466B002F6FAE /* PBXContainerItemProxy */;
		};
		8D929AE32B9A466B002F6FAE /* PBXTargetDependency */ = {
			isa = PBXTargetDependency;
			target = 8D929AC02B9A4665002F6FAE /* ESG-ZenGrove */;
			targetProxy = 8D929AE22B9A466B002F6FAE /* PBXContainerItemProxy */;
		};
/* End PBXTargetDependency section */

/* Begin PBXVariantGroup section */
		8D929ACA2B9A4665002F6FAE /* Main.storyboard */ = {
			isa = PBXVariantGroup;
			children = (
				8D929ACB2B9A4665002F6FAE /* Base */,
			);
			name = Main.storyboard;
			sourceTree = "<group>";
		};
		8D929ACF2B9A4667002F6FAE /* LaunchScreen.storyboard */ = {
			isa = PBXVariantGroup;
			children = (
				8D929AD02B9A4667002F6FAE /* Base */,
			);
			name = LaunchScreen.storyboard;
			sourceTree = "<group>";
		};
/* End PBXVariantGroup section */

/* Begin XCBuildConfiguration section */
		8D929AE92B9A466B002F6FAE /* Debug */ = {
			isa = XCBuildConfiguration;
			buildSettings = {
				ALWAYS_SEARCH_USER_PATHS = NO;
				ASSETCATALOG_COMPILER_GENERATE_SWIFT_ASSET_SYMBOL_EXTENSIONS = YES;
				CLANG_ANALYZER_NONNULL = YES;
				CLANG_ANALYZER_NUMBER_OBJECT_CONVERSION = YES_AGGRESSIVE;
				CLANG_CXX_LANGUAGE_STANDARD = "gnu++20";
				CLANG_ENABLE_MODULES = YES;
				CLANG_ENABLE_OBJC_ARC = YES;
				CLANG_ENABLE_OBJC_WEAK = YES;
				CLANG_WARN_BLOCK_CAPTURE_AUTORELEASING = YES;
				CLANG_WARN_BOOL_CONVERSION = YES;
				CLANG_WARN_COMMA = YES;
				CLANG_WARN_CONSTANT_CONVERSION = YES;
				CLANG_WARN_DEPRECATED_OBJC_IMPLEMENTATIONS = YES;
				CLANG_WARN_DIRECT_OBJC_ISA_USAGE = YES_ERROR;
				CLANG_WARN_DOCUMENTATION_COMMENTS = YES;
				CLANG_WARN_EMPTY_BODY = YES;
				CLANG_WARN_ENUM_CONVERSION = YES;
				CLANG_WARN_INFINITE_RECURSION = YES;
				CLANG_WARN_INT_CONVERSION = YES;
				CLANG_WARN_NON_LITERAL_NULL_CONVERSION = YES;
				CLANG_WARN_OBJC_IMPLICIT_RETAIN_SELF = YES;
				CLANG_WARN_OBJC_LITERAL_CONVERSION = YES;
				CLANG_WARN_OBJC_ROOT_CLASS = YES_ERROR;
				CLANG_WARN_QUOTED_INCLUDE_IN_FRAMEWORK_HEADER = YES;
				CLANG_WARN_RANGE_LOOP_ANALYSIS = YES;
				CLANG_WARN_STRICT_PROTOTYPES = YES;
				CLANG_WARN_SUSPICIOUS_MOVE = YES;
				CLANG_WARN_UNGUARDED_AVAILABILITY = YES_AGGRESSIVE;
				CLANG_WARN_UNREACHABLE_CODE = YES;
				CLANG_WARN__DUPLICATE_METHOD_MATCH = YES;
				COPY_PHASE_STRIP = NO;
				DEBUG_INFORMATION_FORMAT = dwarf;
				ENABLE_STRICT_OBJC_MSGSEND = YES;
				ENABLE_TESTABILITY = YES;
				ENABLE_USER_SCRIPT_SANDBOXING = YES;
				GCC_C_LANGUAGE_STANDARD = gnu17;
				GCC_DYNAMIC_NO_PIC = NO;
				GCC_NO_COMMON_BLOCKS = YES;
				GCC_OPTIMIZATION_LEVEL = 0;
				GCC_PREPROCESSOR_DEFINITIONS = (
					"DEBUG=1",
					"$(inherited)",
				);
				GCC_WARN_64_TO_32_BIT_CONVERSION = YES;
				GCC_WARN_ABOUT_RETURN_TYPE = YES_ERROR;
				GCC_WARN_UNDECLARED_SELECTOR = YES;
				GCC_WARN_UNINITIALIZED_AUTOS = YES_AGGRESSIVE;
				GCC_WARN_UNUSED_FUNCTION = YES;
				GCC_WARN_UNUSED_VARIABLE = YES;
				IPHONEOS_DEPLOYMENT_TARGET = 17.4;
				LOCALIZATION_PREFERS_STRING_CATALOGS = YES;
				MTL_ENABLE_DEBUG_INFO = INCLUDE_SOURCE;
				MTL_FAST_MATH = YES;
				ONLY_ACTIVE_ARCH = YES;
				SDKROOT = iphoneos;
				SWIFT_ACTIVE_COMPILATION_CONDITIONS = "DEBUG $(inherited)";
				SWIFT_OPTIMIZATION_LEVEL = "-Onone";
			};
			name = Debug;
		};
		8D929AEA2B9A466B002F6FAE /* Release */ = {
			isa = XCBuildConfiguration;
			buildSettings = {
				ALWAYS_SEARCH_USER_PATHS = NO;
				ASSETCATALOG_COMPILER_GENERATE_SWIFT_ASSET_SYMBOL_EXTENSIONS = YES;
				CLANG_ANALYZER_NONNULL = YES;
				CLANG_ANALYZER_NUMBER_OBJECT_CONVERSION = YES_AGGRESSIVE;
				CLANG_CXX_LANGUAGE_STANDARD = "gnu++20";
				CLANG_ENABLE_MODULES = YES;
				CLANG_ENABLE_OBJC_ARC = YES;
				CLANG_ENABLE_OBJC_WEAK = YES;
				CLANG_WARN_BLOCK_CAPTURE_AUTORELEASING = YES;
				CLANG_WARN_BOOL_CONVERSION = YES;
				CLANG_WARN_COMMA = YES;
				CLANG_WARN_CONSTANT_CONVERSION = YES;
				CLANG_WARN_DEPRECATED_OBJC_IMPLEMENTATIONS = YES;
				CLANG_WARN_DIRECT_OBJC_ISA_USAGE = YES_ERROR;
				CLANG_WARN_DOCUMENTATION_COMMENTS = YES;
				CLANG_WARN_EMPTY_BODY = YES;
				CLANG_WARN_ENUM_CONVERSION = YES;
				CLANG_WARN_INFINITE_RECURSION = YES;
				CLANG_WARN_INT_CONVERSION = YES;
				CLANG_WARN_NON_LITERAL_NULL_CONVERSION = YES;
				CLANG_WARN_OBJC_IMPLICIT_RETAIN_SELF = YES;
				CLANG_WARN_OBJC_LITERAL_CONVERSION = YES;
				CLANG_WARN_OBJC_ROOT_CLASS = YES_ERROR;
				CLANG_WARN_QUOTED_INCLUDE_IN_FRAMEWORK_HEADER = YES;
				CLANG_WARN_RANGE_LOOP_ANALYSIS = YES;
				CLANG_WARN_STRICT_PROTOTYPES = YES;
				CLANG_WARN_SUSPICIOUS_MOVE = YES;
				CLANG_WARN_UNGUARDED_AVAILABILITY = YES_AGGRESSIVE;
				CLANG_WARN_UNREACHABLE_CODE = YES;
				CLANG_WARN__DUPLICATE_METHOD_MATCH = YES;
				COPY_PHASE_STRIP = NO;
				DEBUG_INFORMATION_FORMAT = "dwarf-with-dsym";
				ENABLE_NS_ASSERTIONS = NO;
				ENABLE_STRICT_OBJC_MSGSEND = YES;
				ENABLE_USER_SCRIPT_SANDBOXING = YES;
				GCC_C_LANGUAGE_STANDARD = gnu17;
				GCC_NO_COMMON_BLOCKS = YES;
				GCC_WARN_64_TO_32_BIT_CONVERSION = YES;
				GCC_WARN_ABOUT_RETURN_TYPE = YES_ERROR;
				GCC_WARN_UNDECLARED_SELECTOR = YES;
				GCC_WARN_UNINITIALIZED_AUTOS = YES_AGGRESSIVE;
				GCC_WARN_UNUSED_FUNCTION = YES;
				GCC_WARN_UNUSED_VARIABLE = YES;
				IPHONEOS_DEPLOYMENT_TARGET = 17.4;
				LOCALIZATION_PREFERS_STRING_CATALOGS = YES;
				MTL_ENABLE_DEBUG_INFO = NO;
				MTL_FAST_MATH = YES;
				SDKROOT = iphoneos;
				SWIFT_COMPILATION_MODE = wholemodule;
				VALIDATE_PRODUCT = YES;
			};
			name = Release;
		};
		8D929AEC2B9A466B002F6FAE /* Debug */ = {
			isa = XCBuildConfiguration;
			buildSettings = {
				ASSETCATALOG_COMPILER_APPICON_NAME = AppIcon;
				ASSETCATALOG_COMPILER_GLOBAL_ACCENT_COLOR_NAME = AccentColor;
				CODE_SIGN_STYLE = Automatic;
				CURRENT_PROJECT_VERSION = 1;
				GENERATE_INFOPLIST_FILE = YES;
				INFOPLIST_FILE = "ESG-ZenGrove/Info.plist";
				INFOPLIST_KEY_UIApplicationSupportsIndirectInputEvents = YES;
				INFOPLIST_KEY_UILaunchStoryboardName = LaunchScreen;
				INFOPLIST_KEY_UIMainStoryboardFile = Main;
				INFOPLIST_KEY_UISupportedInterfaceOrientations = UIInterfaceOrientationPortrait;
				INFOPLIST_KEY_UISupportedInterfaceOrientations_iPad = "UIInterfaceOrientationLandscapeLeft UIInterfaceOrientationLandscapeRight UIInterfaceOrientationPortrait UIInterfaceOrientationPortraitUpsideDown";
				LD_RUNPATH_SEARCH_PATHS = (
					"$(inherited)",
					"@executable_path/Frameworks",
				);
				MARKETING_VERSION = 1.0;
				PRODUCT_BUNDLE_IDENTIFIER = "com.fiap.ESG-ZenGrove";
				PRODUCT_NAME = "$(TARGET_NAME)";
				SUPPORTED_PLATFORMS = "iphoneos iphonesimulator";
				SUPPORTS_MACCATALYST = NO;
				SUPPORTS_MAC_DESIGNED_FOR_IPHONE_IPAD = NO;
				SUPPORTS_XR_DESIGNED_FOR_IPHONE_IPAD = NO;
				SWIFT_EMIT_LOC_STRINGS = YES;
				SWIFT_VERSION = 5.0;
				TARGETED_DEVICE_FAMILY = 1;
			};
			name = Debug;
		};
		8D929AED2B9A466B002F6FAE /* Release */ = {
			isa = XCBuildConfiguration;
			buildSettings = {
				ASSETCATALOG_COMPILER_APPICON_NAME = AppIcon;
				ASSETCATALOG_COMPILER_GLOBAL_ACCENT_COLOR_NAME = AccentColor;
				CODE_SIGN_STYLE = Automatic;
				CURRENT_PROJECT_VERSION = 1;
				GENERATE_INFOPLIST_FILE = YES;
				INFOPLIST_FILE = "ESG-ZenGrove/Info.plist";
				INFOPLIST_KEY_UIApplicationSupportsIndirectInputEvents = YES;
				INFOPLIST_KEY_UILaunchStoryboardName = LaunchScreen;
				INFOPLIST_KEY_UIMainStoryboardFile = Main;
				INFOPLIST_KEY_UISupportedInterfaceOrientations = UIInterfaceOrientationPortrait;
				INFOPLIST_KEY_UISupportedInterfaceOrientations_iPad = "UIInterfaceOrientationLandscapeLeft UIInterfaceOrientationLandscapeRight UIInterfaceOrientationPortrait UIInterfaceOrientationPortraitUpsideDown";
				LD_RUNPATH_SEARCH_PATHS = (
					"$(inherited)",
					"@executable_path/Frameworks",
				);
				MARKETING_VERSION = 1.0;
				PRODUCT_BUNDLE_IDENTIFIER = "com.fiap.ESG-ZenGrove";
				PRODUCT_NAME = "$(TARGET_NAME)";
				SUPPORTED_PLATFORMS = "iphoneos iphonesimulator";
				SUPPORTS_MACCATALYST = NO;
				SUPPORTS_MAC_DESIGNED_FOR_IPHONE_IPAD = NO;
				SUPPORTS_XR_DESIGNED_FOR_IPHONE_IPAD = NO;
				SWIFT_EMIT_LOC_STRINGS = YES;
				SWIFT_VERSION = 5.0;
				TARGETED_DEVICE_FAMILY = 1;
			};
			name = Release;
		};
		8D929AEF2B9A466B002F6FAE /* Debug */ = {
			isa = XCBuildConfiguration;
			buildSettings = {
				ALWAYS_EMBED_SWIFT_STANDARD_LIBRARIES = YES;
				BUNDLE_LOADER = "$(TEST_HOST)";
				CODE_SIGN_STYLE = Automatic;
				CURRENT_PROJECT_VERSION = 1;
				GENERATE_INFOPLIST_FILE = YES;
				IPHONEOS_DEPLOYMENT_TARGET = 17.4;
				MARKETING_VERSION = 1.0;
				PRODUCT_BUNDLE_IDENTIFIER = "com.fiap.ESG-ZenGroveTests";
				PRODUCT_NAME = "$(TARGET_NAME)";
				SWIFT_EMIT_LOC_STRINGS = NO;
				SWIFT_VERSION = 5.0;
				TARGETED_DEVICE_FAMILY = "1,2";
				TEST_HOST = "$(BUILT_PRODUCTS_DIR)/ESG-ZenGrove.app/$(BUNDLE_EXECUTABLE_FOLDER_PATH)/ESG-ZenGrove";
			};
			name = Debug;
		};
		8D929AF02B9A466B002F6FAE /* Release */ = {
			isa = XCBuildConfiguration;
			buildSettings = {
				ALWAYS_EMBED_SWIFT_STANDARD_LIBRARIES = YES;
				BUNDLE_LOADER = "$(TEST_HOST)";
				CODE_SIGN_STYLE = Automatic;
				CURRENT_PROJECT_VERSION = 1;
				GENERATE_INFOPLIST_FILE = YES;
				IPHONEOS_DEPLOYMENT_TARGET = 17.4;
				MARKETING_VERSION = 1.0;
				PRODUCT_BUNDLE_IDENTIFIER = "com.fiap.ESG-ZenGroveTests";
				PRODUCT_NAME = "$(TARGET_NAME)";
				SWIFT_EMIT_LOC_STRINGS = NO;
				SWIFT_VERSION = 5.0;
				TARGETED_DEVICE_FAMILY = "1,2";
				TEST_HOST = "$(BUILT_PRODUCTS_DIR)/ESG-ZenGrove.app/$(BUNDLE_EXECUTABLE_FOLDER_PATH)/ESG-ZenGrove";
			};
			name = Release;
		};
		8D929AF22B9A466B002F6FAE /* Debug */ = {
			isa = XCBuildConfiguration;
			buildSettings = {
				ALWAYS_EMBED_SWIFT_STANDARD_LIBRARIES = YES;
				CODE_SIGN_STYLE = Automatic;
				CURRENT_PROJECT_VERSION = 1;
				GENERATE_INFOPLIST_FILE = YES;
				MARKETING_VERSION = 1.0;
				PRODUCT_BUNDLE_IDENTIFIER = "com.fiap.ESG-ZenGroveUITests";
				PRODUCT_NAME = "$(TARGET_NAME)";
				SWIFT_EMIT_LOC_STRINGS = NO;
				SWIFT_VERSION = 5.0;
				TARGETED_DEVICE_FAMILY = "1,2";
				TEST_TARGET_NAME = "ESG-ZenGrove";
			};
			name = Debug;
		};
		8D929AF32B9A466B002F6FAE /* Release */ = {
			isa = XCBuildConfiguration;
			buildSettings = {
				ALWAYS_EMBED_SWIFT_STANDARD_LIBRARIES = YES;
				CODE_SIGN_STYLE = Automatic;
				CURRENT_PROJECT_VERSION = 1;
				GENERATE_INFOPLIST_FILE = YES;
				MARKETING_VERSION = 1.0;
				PRODUCT_BUNDLE_IDENTIFIER = "com.fiap.ESG-ZenGroveUITests";
				PRODUCT_NAME = "$(TARGET_NAME)";
				SWIFT_EMIT_LOC_STRINGS = NO;
				SWIFT_VERSION = 5.0;
				TARGETED_DEVICE_FAMILY = "1,2";
				TEST_TARGET_NAME = "ESG-ZenGrove";
			};
			name = Release;
		};
/* End XCBuildConfiguration section */

/* Begin XCConfigurationList section */
		8D929ABC2B9A4665002F6FAE /* Build configuration list for PBXProject "ESG-ZenGrove" */ = {
			isa = XCConfigurationList;
			buildConfigurations = (
				8D929AE92B9A466B002F6FAE /* Debug */,
				8D929AEA2B9A466B002F6FAE /* Release */,
			);
			defaultConfigurationIsVisible = 0;
			defaultConfigurationName = Release;
		};
		8D929AEB2B9A466B002F6FAE /* Build configuration list for PBXNativeTarget "ESG-ZenGrove" */ = {
			isa = XCConfigurationList;
			buildConfigurations = (
				8D929AEC2B9A466B002F6FAE /* Debug */,
				8D929AED2B9A466B002F6FAE /* Release */,
			);
			defaultConfigurationIsVisible = 0;
			defaultConfigurationName = Release;
		};
		8D929AEE2B9A466B002F6FAE /* Build configuration list for PBXNativeTarget "ESG-ZenGroveTests" */ = {
			isa = XCConfigurationList;
			buildConfigurations = (
				8D929AEF2B9A466B002F6FAE /* Debug */,
				8D929AF02B9A466B002F6FAE /* Release */,
			);
			defaultConfigurationIsVisible = 0;
			defaultConfigurationName = Release;
		};
		8D929AF12B9A466B002F6FAE /* Build configuration list for PBXNativeTarget "ESG-ZenGroveUITests" */ = {
			isa = XCConfigurationList;
			buildConfigurations = (
				8D929AF22B9A466B002F6FAE /* Debug */,
				8D929AF32B9A466B002F6FAE /* Release */,
			);
			defaultConfigurationIsVisible = 0;
			defaultConfigurationName = Release;
		};
/* End XCConfigurationList section */

/* Begin XCVersionGroup section */
		8D4B42EA2B9BA32F0015C59A /* Esg-ZenGrove.xcdatamodeld */ = {
			isa = XCVersionGroup;
			children = (
				8D4B42EB2B9BA32F0015C59A /* Esg-ZenGrove.xcdatamodel */,
			);
			currentVersion = 8D4B42EB2B9BA32F0015C59A /* Esg-ZenGrove.xcdatamodel */;
			path = "Esg-ZenGrove.xcdatamodeld";
			sourceTree = "<group>";
			versionGroupType = wrapper.xcdatamodel;
		};
/* End XCVersionGroup section */
	};
	rootObject = 8D929AB92B9A4665002F6FAE /* Project object */;
}
